// !$*UTF8*$!
{
	archiveVersion = 1;
	classes = {
	};
	objectVersion = 46;
	objects = {

/* Begin PBXBuildFile section */
		23F60802200DEB9800B38ECB /* main.m in Sources */ = {isa = PBXBuildFile; fileRef = 23F60801200DEB9800B38ECB /* main.m */; };
		23F60805200DEB9800B38ECB /* AppDelegate.m in Sources */ = {isa = PBXBuildFile; fileRef = 23F60804200DEB9800B38ECB /* AppDelegate.m */; };
		23F60808200DEB9800B38ECB /* ViewController.m in Sources */ = {isa = PBXBuildFile; fileRef = 23F60807200DEB9800B38ECB /* ViewController.m */; };
		23F6080B200DEB9800B38ECB /* Main.storyboard in Resources */ = {isa = PBXBuildFile; fileRef = 23F60809200DEB9800B38ECB /* Main.storyboard */; };
		23F6080D200DEB9800B38ECB /* Assets.xcassets in Resources */ = {isa = PBXBuildFile; fileRef = 23F6080C200DEB9800B38ECB /* Assets.xcassets */; };
		23F60810200DEB9800B38ECB /* LaunchScreen.storyboard in Resources */ = {isa = PBXBuildFile; fileRef = 23F6080E200DEB9800B38ECB /* LaunchScreen.storyboard */; };
		23F6081B200DEB9800B38ECB /* IOS_ExampleTests.m in Sources */ = {isa = PBXBuildFile; fileRef = 23F6081A200DEB9800B38ECB /* IOS_ExampleTests.m */; };
		23F60826200DEB9800B38ECB /* IOS_ExampleUITests.m in Sources */ = {isa = PBXBuildFile; fileRef = 23F60825200DEB9800B38ECB /* IOS_ExampleUITests.m */; };
		23F60834200DF76900B38ECB /* ButtonsController.m in Sources */ = {isa = PBXBuildFile; fileRef = 23F60833200DF76900B38ECB /* ButtonsController.m */; };
		23F608CE200E3CC800B38ECB /* back.png in Resources */ = {isa = PBXBuildFile; fileRef = 23F608CD200E3CC800B38ECB /* back.png */; };
		23F608D0200E44AE00B38ECB /* LabelsController.m in Sources */ = {isa = PBXBuildFile; fileRef = 23F608CF200E44AE00B38ECB /* LabelsController.m */; };
/* End PBXBuildFile section */

/* Begin PBXContainerItemProxy section */
		23F60817200DEB9800B38ECB /* PBXContainerItemProxy */ = {
			isa = PBXContainerItemProxy;
			containerPortal = 23F607F5200DEB9800B38ECB /* Project object */;
			proxyType = 1;
			remoteGlobalIDString = 23F607FC200DEB9800B38ECB;
			remoteInfo = "IOS-Example";
		};
		23F60822200DEB9800B38ECB /* PBXContainerItemProxy */ = {
			isa = PBXContainerItemProxy;
			containerPortal = 23F607F5200DEB9800B38ECB /* Project object */;
			proxyType = 1;
			remoteGlobalIDString = 23F607FC200DEB9800B38ECB;
			remoteInfo = "IOS-Example";
		};
/* End PBXContainerItemProxy section */

/* Begin PBXFileReference section */
		23F607FD200DEB9800B38ECB /* IOS-Example.app */ = {isa = PBXFileReference; explicitFileType = wrapper.application; includeInIndex = 0; path = "IOS-Example.app"; sourceTree = BUILT_PRODUCTS_DIR; };
		23F60801200DEB9800B38ECB /* main.m */ = {isa = PBXFileReference; lastKnownFileType = sourcecode.c.objc; path = main.m; sourceTree = "<group>"; };
		23F60803200DEB9800B38ECB /* AppDelegate.h */ = {isa = PBXFileReference; lastKnownFileType = sourcecode.c.h; path = AppDelegate.h; sourceTree = "<group>"; };
		23F60804200DEB9800B38ECB /* AppDelegate.m */ = {isa = PBXFileReference; lastKnownFileType = sourcecode.c.objc; path = AppDelegate.m; sourceTree = "<group>"; };
		23F60806200DEB9800B38ECB /* ViewController.h */ = {isa = PBXFileReference; lastKnownFileType = sourcecode.c.h; path = ViewController.h; sourceTree = "<group>"; };
		23F60807200DEB9800B38ECB /* ViewController.m */ = {isa = PBXFileReference; lastKnownFileType = sourcecode.c.objc; path = ViewController.m; sourceTree = "<group>"; };
		23F6080A200DEB9800B38ECB /* Base */ = {isa = PBXFileReference; lastKnownFileType = file.storyboard; name = Base; path = Base.lproj/Main.storyboard; sourceTree = "<group>"; };
		23F6080C200DEB9800B38ECB /* Assets.xcassets */ = {isa = PBXFileReference; lastKnownFileType = folder.assetcatalog; path = Assets.xcassets; sourceTree = "<group>"; };
		23F6080F200DEB9800B38ECB /* Base */ = {isa = PBXFileReference; lastKnownFileType = file.storyboard; name = Base; path = Base.lproj/LaunchScreen.storyboard; sourceTree = "<group>"; };
		23F60811200DEB9800B38ECB /* Info.plist */ = {isa = PBXFileReference; lastKnownFileType = text.plist.xml; path = Info.plist; sourceTree = "<group>"; };
		23F60816200DEB9800B38ECB /* IOS-ExampleTests.xctest */ = {isa = PBXFileReference; explicitFileType = wrapper.cfbundle; includeInIndex = 0; path = "IOS-ExampleTests.xctest"; sourceTree = BUILT_PRODUCTS_DIR; };
		23F6081A200DEB9800B38ECB /* IOS_ExampleTests.m */ = {isa = PBXFileReference; lastKnownFileType = sourcecode.c.objc; path = IOS_ExampleTests.m; sourceTree = "<group>"; };
		23F6081C200DEB9800B38ECB /* Info.plist */ = {isa = PBXFileReference; lastKnownFileType = text.plist.xml; path = Info.plist; sourceTree = "<group>"; };
		23F60821200DEB9800B38ECB /* IOS-ExampleUITests.xctest */ = {isa = PBXFileReference; explicitFileType = wrapper.cfbundle; includeInIndex = 0; path = "IOS-ExampleUITests.xctest"; sourceTree = BUILT_PRODUCTS_DIR; };
		23F60825200DEB9800B38ECB /* IOS_ExampleUITests.m */ = {isa = PBXFileReference; lastKnownFileType = sourcecode.c.objc; path = IOS_ExampleUITests.m; sourceTree = "<group>"; };
		23F60827200DEB9800B38ECB /* Info.plist */ = {isa = PBXFileReference; lastKnownFileType = text.plist.xml; path = Info.plist; sourceTree = "<group>"; };
		23F60833200DF76900B38ECB /* ButtonsController.m */ = {isa = PBXFileReference; fileEncoding = 4; lastKnownFileType = sourcecode.c.objc; path = ButtonsController.m; sourceTree = "<group>"; };
		23F60835200DF77700B38ECB /* ButtonsController.h */ = {isa = PBXFileReference; lastKnownFileType = sourcecode.c.h; path = ButtonsController.h; sourceTree = "<group>"; };
		23F608CD200E3CC800B38ECB /* back.png */ = {isa = PBXFileReference; lastKnownFileType = image.png; path = back.png; sourceTree = "<group>"; };
		23F608CF200E44AE00B38ECB /* LabelsController.m */ = {isa = PBXFileReference; fileEncoding = 4; lastKnownFileType = sourcecode.c.objc; path = LabelsController.m; sourceTree = "<group>"; };
		23F608D1200E44BC00B38ECB /* LabelsController.h */ = {isa = PBXFileReference; lastKnownFileType = sourcecode.c.h; path = LabelsController.h; sourceTree = "<group>"; };
/* End PBXFileReference section */

/* Begin PBXFrameworksBuildPhase section */
		23F607FA200DEB9800B38ECB /* Frameworks */ = {
			isa = PBXFrameworksBuildPhase;
			buildActionMask = 2147483647;
			files = (
			);
			runOnlyForDeploymentPostprocessing = 0;
		};
		23F60813200DEB9800B38ECB /* Frameworks */ = {
			isa = PBXFrameworksBuildPhase;
			buildActionMask = 2147483647;
			files = (
			);
			runOnlyForDeploymentPostprocessing = 0;
		};
		23F6081E200DEB9800B38ECB /* Frameworks */ = {
			isa = PBXFrameworksBuildPhase;
			buildActionMask = 2147483647;
			files = (
			);
			runOnlyForDeploymentPostprocessing = 0;
		};
/* End PBXFrameworksBuildPhase section */

/* Begin PBXGroup section */
		23F607F4200DEB9800B38ECB = {
			isa = PBXGroup;
			children = (
				23F607FF200DEB9800B38ECB /* IOS-Example */,
				23F60819200DEB9800B38ECB /* IOS-ExampleTests */,
				23F60824200DEB9800B38ECB /* IOS-ExampleUITests */,
				23F607FE200DEB9800B38ECB /* Products */,
			);
			sourceTree = "<group>";
		};
		23F607FE200DEB9800B38ECB /* Products */ = {
			isa = PBXGroup;
			children = (
				23F607FD200DEB9800B38ECB /* IOS-Example.app */,
				23F60816200DEB9800B38ECB /* IOS-ExampleTests.xctest */,
				23F60821200DEB9800B38ECB /* IOS-ExampleUITests.xctest */,
			);
			name = Products;
			sourceTree = "<group>";
		};
		23F607FF200DEB9800B38ECB /* IOS-Example */ = {
			isa = PBXGroup;
			children = (
				23F608CD200E3CC800B38ECB /* back.png */,
				23F60803200DEB9800B38ECB /* AppDelegate.h */,
				23F60804200DEB9800B38ECB /* AppDelegate.m */,
				23F60806200DEB9800B38ECB /* ViewController.h */,
				23F60807200DEB9800B38ECB /* ViewController.m */,
				23F60809200DEB9800B38ECB /* Main.storyboard */,
				23F6080C200DEB9800B38ECB /* Assets.xcassets */,
				23F6080E200DEB9800B38ECB /* LaunchScreen.storyboard */,
				23F60811200DEB9800B38ECB /* Info.plist */,
				23F60800200DEB9800B38ECB /* Supporting Files */,
				23F60836200DF77D00B38ECB /* ButtonsController */,
				23F608D2200E44C200B38ECB /* LabelsController */,
			);
			path = "IOS-Example";
			sourceTree = "<group>";
		};
		23F60800200DEB9800B38ECB /* Supporting Files */ = {
			isa = PBXGroup;
			children = (
				23F60801200DEB9800B38ECB /* main.m */,
			);
			name = "Supporting Files";
			sourceTree = "<group>";
		};
		23F60819200DEB9800B38ECB /* IOS-ExampleTests */ = {
			isa = PBXGroup;
			children = (
				23F6081A200DEB9800B38ECB /* IOS_ExampleTests.m */,
				23F6081C200DEB9800B38ECB /* Info.plist */,
			);
			path = "IOS-ExampleTests";
			sourceTree = "<group>";
		};
		23F60824200DEB9800B38ECB /* IOS-ExampleUITests */ = {
			isa = PBXGroup;
			children = (
				23F60825200DEB9800B38ECB /* IOS_ExampleUITests.m */,
				23F60827200DEB9800B38ECB /* Info.plist */,
			);
			path = "IOS-ExampleUITests";
			sourceTree = "<group>";
		};
		23F60836200DF77D00B38ECB /* ButtonsController */ = {
			isa = PBXGroup;
			children = (
				23F60833200DF76900B38ECB /* ButtonsController.m */,
				23F60835200DF77700B38ECB /* ButtonsController.h */,
			);
			name = ButtonsController;
			sourceTree = "<group>";
		};
		23F608D2200E44C200B38ECB /* LabelsController */ = {
			isa = PBXGroup;
			children = (
				23F608CF200E44AE00B38ECB /* LabelsController.m */,
				23F608D1200E44BC00B38ECB /* LabelsController.h */,
			);
			name = LabelsController;
			sourceTree = "<group>";
		};
/* End PBXGroup section */

/* Begin PBXNativeTarget section */
		23F607FC200DEB9800B38ECB /* IOS-Example */ = {
			isa = PBXNativeTarget;
			buildConfigurationList = 23F6082A200DEB9800B38ECB /* Build configuration list for PBXNativeTarget "IOS-Example" */;
			buildPhases = (
				23F607F9200DEB9800B38ECB /* Sources */,
				23F607FA200DEB9800B38ECB /* Frameworks */,
				23F607FB200DEB9800B38ECB /* Resources */,
			);
			buildRules = (
			);
			dependencies = (
			);
			name = "IOS-Example";
			productName = "IOS-Example";
			productReference = 23F607FD200DEB9800B38ECB /* IOS-Example.app */;
			productType = "com.apple.product-type.application";
		};
		23F60815200DEB9800B38ECB /* IOS-ExampleTests */ = {
			isa = PBXNativeTarget;
			buildConfigurationList = 23F6082D200DEB9800B38ECB /* Build configuration list for PBXNativeTarget "IOS-ExampleTests" */;
			buildPhases = (
				23F60812200DEB9800B38ECB /* Sources */,
				23F60813200DEB9800B38ECB /* Frameworks */,
				23F60814200DEB9800B38ECB /* Resources */,
			);
			buildRules = (
			);
			dependencies = (
				23F60818200DEB9800B38ECB /* PBXTargetDependency */,
			);
			name = "IOS-ExampleTests";
			productName = "IOS-ExampleTests";
			productReference = 23F60816200DEB9800B38ECB /* IOS-ExampleTests.xctest */;
			productType = "com.apple.product-type.bundle.unit-test";
		};
		23F60820200DEB9800B38ECB /* IOS-ExampleUITests */ = {
			isa = PBXNativeTarget;
			buildConfigurationList = 23F60830200DEB9800B38ECB /* Build configuration list for PBXNativeTarget "IOS-ExampleUITests" */;
			buildPhases = (
				23F6081D200DEB9800B38ECB /* Sources */,
				23F6081E200DEB9800B38ECB /* Frameworks */,
				23F6081F200DEB9800B38ECB /* Resources */,
			);
			buildRules = (
			);
			dependencies = (
				23F60823200DEB9800B38ECB /* PBXTargetDependency */,
			);
			name = "IOS-ExampleUITests";
			productName = "IOS-ExampleUITests";
			productReference = 23F60821200DEB9800B38ECB /* IOS-ExampleUITests.xctest */;
			productType = "com.apple.product-type.bundle.ui-testing";
		};
/* End PBXNativeTarget section */

/* Begin PBXProject section */
		23F607F5200DEB9800B38ECB /* Project object */ = {
			isa = PBXProject;
			attributes = {
				LastUpgradeCheck = 0830;
				ORGANIZATIONNAME = local192;
				TargetAttributes = {
					23F607FC200DEB9800B38ECB = {
						CreatedOnToolsVersion = 8.3.3;
						ProvisioningStyle = Automatic;
					};
					23F60815200DEB9800B38ECB = {
						CreatedOnToolsVersion = 8.3.3;
						ProvisioningStyle = Automatic;
						TestTargetID = 23F607FC200DEB9800B38ECB;
					};
					23F60820200DEB9800B38ECB = {
						CreatedOnToolsVersion = 8.3.3;
						ProvisioningStyle = Automatic;
						TestTargetID = 23F607FC200DEB9800B38ECB;
					};
				};
			};
			buildConfigurationList = 23F607F8200DEB9800B38ECB /* Build configuration list for PBXProject "IOS-Example" */;
			compatibilityVersion = "Xcode 3.2";
			developmentRegion = English;
			hasScannedForEncodings = 0;
			knownRegions = (
				en,
				Base,
			);
			mainGroup = 23F607F4200DEB9800B38ECB;
			productRefGroup = 23F607FE200DEB9800B38ECB /* Products */;
			projectDirPath = "";
			projectRoot = "";
			targets = (
				23F607FC200DEB9800B38ECB /* IOS-Example */,
				23F60815200DEB9800B38ECB /* IOS-ExampleTests */,
				23F60820200DEB9800B38ECB /* IOS-ExampleUITests */,
			);
		};
/* End PBXProject section */

/* Begin PBXResourcesBuildPhase section */
		23F607FB200DEB9800B38ECB /* Resources */ = {
			isa = PBXResourcesBuildPhase;
			buildActionMask = 2147483647;
			files = (
				23F60810200DEB9800B38ECB /* LaunchScreen.storyboard in Resources */,
				23F6080D200DEB9800B38ECB /* Assets.xcassets in Resources */,
				23F608CE200E3CC800B38ECB /* back.png in Resources */,
				23F6080B200DEB9800B38ECB /* Main.storyboard in Resources */,
			);
			runOnlyForDeploymentPostprocessing = 0;
		};
		23F60814200DEB9800B38ECB /* Resources */ = {
			isa = PBXResourcesBuildPhase;
			buildActionMask = 2147483647;
			files = (
			);
			runOnlyForDeploymentPostprocessing = 0;
		};
		23F6081F200DEB9800B38ECB /* Resources */ = {
			isa = PBXResourcesBuildPhase;
			buildActionMask = 2147483647;
			files = (
			);
			runOnlyForDeploymentPostprocessing = 0;
		};
/* End PBXResourcesBuildPhase section */

/* Begin PBXSourcesBuildPhase section */
		23F607F9200DEB9800B38ECB /* Sources */ = {
			isa = PBXSourcesBuildPhase;
			buildActionMask = 2147483647;
			files = (
				23F608D0200E44AE00B38ECB /* LabelsController.m in Sources */,
				23F60808200DEB9800B38ECB /* ViewController.m in Sources */,
				23F60834200DF76900B38ECB /* ButtonsController.m in Sources */,
				23F60805200DEB9800B38ECB /* AppDelegate.m in Sources */,
				23F60802200DEB9800B38ECB /* main.m in Sources */,
			);
			runOnlyForDeploymentPostprocessing = 0;
		};
		23F60812200DEB9800B38ECB /* Sources */ = {
			isa = PBXSourcesBuildPhase;
			buildActionMask = 2147483647;
			files = (
				23F6081B200DEB9800B38ECB /* IOS_ExampleTests.m in Sources */,
			);
			runOnlyForDeploymentPostprocessing = 0;
		};
		23F6081D200DEB9800B38ECB /* Sources */ = {
			isa = PBXSourcesBuildPhase;
			buildActionMask = 2147483647;
			files = (
				23F60826200DEB9800B38ECB /* IOS_ExampleUITests.m in Sources */,
			);
			runOnlyForDeploymentPostprocessing = 0;
		};
/* End PBXSourcesBuildPhase section */

/* Begin PBXTargetDependency section */
		23F60818200DEB9800B38ECB /* PBXTargetDependency */ = {
			isa = PBXTargetDependency;
			target = 23F607FC200DEB9800B38ECB /* IOS-Example */;
			targetProxy = 23F60817200DEB9800B38ECB /* PBXContainerItemProxy */;
		};
		23F60823200DEB9800B38ECB /* PBXTargetDependency */ = {
			isa = PBXTargetDependency;
			target = 23F607FC200DEB9800B38ECB /* IOS-Example */;
			targetProxy = 23F60822200DEB9800B38ECB /* PBXContainerItemProxy */;
		};
/* End PBXTargetDependency section */

/* Begin PBXVariantGroup section */
		23F60809200DEB9800B38ECB /* Main.storyboard */ = {
			isa = PBXVariantGroup;
			children = (
				23F6080A200DEB9800B38ECB /* Base */,
			);
			name = Main.storyboard;
			sourceTree = "<group>";
		};
		23F6080E200DEB9800B38ECB /* LaunchScreen.storyboard */ = {
			isa = PBXVariantGroup;
			children = (
				23F6080F200DEB9800B38ECB /* Base */,
			);
			name = LaunchScreen.storyboard;
			sourceTree = "<group>";
		};
/* End PBXVariantGroup section */

/* Begin XCBuildConfiguration section */
		23F60828200DEB9800B38ECB /* Debug */ = {
			isa = XCBuildConfiguration;
			buildSettings = {
				ALWAYS_SEARCH_USER_PATHS = NO;
				CLANG_ANALYZER_NONNULL = YES;
				CLANG_ANALYZER_NUMBER_OBJECT_CONVERSION = YES_AGGRESSIVE;
				CLANG_CXX_LANGUAGE_STANDARD = "gnu++0x";
				CLANG_CXX_LIBRARY = "libc++";
				CLANG_ENABLE_MODULES = YES;
				CLANG_ENABLE_OBJC_ARC = YES;
				CLANG_WARN_BOOL_CONVERSION = YES;
				CLANG_WARN_CONSTANT_CONVERSION = YES;
				CLANG_WARN_DIRECT_OBJC_ISA_USAGE = YES_ERROR;
				CLANG_WARN_DOCUMENTATION_COMMENTS = YES;
				CLANG_WARN_EMPTY_BODY = YES;
				CLANG_WARN_ENUM_CONVERSION = YES;
				CLANG_WARN_INFINITE_RECURSION = YES;
				CLANG_WARN_INT_CONVERSION = YES;
				CLANG_WARN_OBJC_ROOT_CLASS = YES_ERROR;
				CLANG_WARN_SUSPICIOUS_MOVE = YES;
				CLANG_WARN_UNREACHABLE_CODE = YES;
				CLANG_WARN__DUPLICATE_METHOD_MATCH = YES;
				"CODE_SIGN_IDENTITY[sdk=iphoneos*]" = "iPhone Developer";
				COPY_PHASE_STRIP = NO;
				DEBUG_INFORMATION_FORMAT = dwarf;
				ENABLE_STRICT_OBJC_MSGSEND = YES;
				ENABLE_TESTABILITY = YES;
				GCC_C_LANGUAGE_STANDARD = gnu99;
				GCC_DYNAMIC_NO_PIC = NO;
				GCC_NO_COMMON_BLOCKS = YES;
				GCC_OPTIMIZATION_LEVEL = 0;
				GCC_PREPROCESSOR_DEFINITIONS = (
					"DEBUG=1",
					"$(inherited)",
				);
				GCC_WARN_64_TO_32_BIT_CONVERSION = YES;
				GCC_WARN_ABOUT_RETURN_TYPE = YES_ERROR;
				GCC_WARN_UNDECLARED_SELECTOR = YES;
				GCC_WARN_UNINITIALIZED_AUTOS = YES_AGGRESSIVE;
				GCC_WARN_UNUSED_FUNCTION = YES;
				GCC_WARN_UNUSED_VARIABLE = YES;
				IPHONEOS_DEPLOYMENT_TARGET = 10.3;
				MTL_ENABLE_DEBUG_INFO = YES;
				ONLY_ACTIVE_ARCH = YES;
				SDKROOT = iphoneos;
			};
			name = Debug;
		};
		23F60829200DEB9800B38ECB /* Release */ = {
			isa = XCBuildConfiguration;
			buildSettings = {
				ALWAYS_SEARCH_USER_PATHS = NO;
				CLANG_ANALYZER_NONNULL = YES;
				CLANG_ANALYZER_NUMBER_OBJECT_CONVERSION = YES_AGGRESSIVE;
				CLANG_CXX_LANGUAGE_STANDARD = "gnu++0x";
				CLANG_CXX_LIBRARY = "libc++";
				CLANG_ENABLE_MODULES = YES;
				CLANG_ENABLE_OBJC_ARC = YES;
				CLANG_WARN_BOOL_CONVERSION = YES;
				CLANG_WARN_CONSTANT_CONVERSION = YES;
				CLANG_WARN_DIRECT_OBJC_ISA_USAGE = YES_ERROR;
				CLANG_WARN_DOCUMENTATION_COMMENTS = YES;
				CLANG_WARN_EMPTY_BODY = YES;
				CLANG_WARN_ENUM_CONVERSION = YES;
				CLANG_WARN_INFINITE_RECURSION = YES;
				CLANG_WARN_INT_CONVERSION = YES;
				CLANG_WARN_OBJC_ROOT_CLASS = YES_ERROR;
				CLANG_WARN_SUSPICIOUS_MOVE = YES;
				CLANG_WARN_UNREACHABLE_CODE = YES;
				CLANG_WARN__DUPLICATE_METHOD_MATCH = YES;
				"CODE_SIGN_IDENTITY[sdk=iphoneos*]" = "iPhone Developer";
				COPY_PHASE_STRIP = NO;
				DEBUG_INFORMATION_FORMAT = "dwarf-with-dsym";
				ENABLE_NS_ASSERTIONS = NO;
				ENABLE_STRICT_OBJC_MSGSEND = YES;
				GCC_C_LANGUAGE_STANDARD = gnu99;
				GCC_NO_COMMON_BLOCKS = YES;
				GCC_WARN_64_TO_32_BIT_CONVERSION = YES;
				GCC_WARN_ABOUT_RETURN_TYPE = YES_ERROR;
				GCC_WARN_UNDECLARED_SELECTOR = YES;
				GCC_WARN_UNINITIALIZED_AUTOS = YES_AGGRESSIVE;
				GCC_WARN_UNUSED_FUNCTION = YES;
				GCC_WARN_UNUSED_VARIABLE = YES;
				IPHONEOS_DEPLOYMENT_TARGET = 10.3;
				MTL_ENABLE_DEBUG_INFO = NO;
				SDKROOT = iphoneos;
				VALIDATE_PRODUCT = YES;
			};
			name = Release;
		};
		23F6082B200DEB9800B38ECB /* Debug */ = {
			isa = XCBuildConfiguration;
			buildSettings = {
				ASSETCATALOG_COMPILER_APPICON_NAME = AppIcon;
				INFOPLIST_FILE = "IOS-Example/Info.plist";
				LD_RUNPATH_SEARCH_PATHS = "$(inherited) @executable_path/Frameworks";
				PRODUCT_BUNDLE_IDENTIFIER = "lpirm-bdmob.IOS-Example";
				PRODUCT_NAME = "$(TARGET_NAME)";
			};
			name = Debug;
		};
		23F6082C200DEB9800B38ECB /* Release */ = {
			isa = XCBuildConfiguration;
			buildSettings = {
				ASSETCATALOG_COMPILER_APPICON_NAME = AppIcon;
				INFOPLIST_FILE = "IOS-Example/Info.plist";
				LD_RUNPATH_SEARCH_PATHS = "$(inherited) @executable_path/Frameworks";
				PRODUCT_BUNDLE_IDENTIFIER = "lpirm-bdmob.IOS-Example";
				PRODUCT_NAME = "$(TARGET_NAME)";
			};
			name = Release;
		};
		23F6082E200DEB9800B38ECB /* Debug */ = {
			isa = XCBuildConfiguration;
			buildSettings = {
				BUNDLE_LOADER = "$(TEST_HOST)";
				INFOPLIST_FILE = "IOS-ExampleTests/Info.plist";
				LD_RUNPATH_SEARCH_PATHS = "$(inherited) @executable_path/Frameworks @loader_path/Frameworks";
				PRODUCT_BUNDLE_IDENTIFIER = "lpirm-bdmob.IOS-ExampleTests";
				PRODUCT_NAME = "$(TARGET_NAME)";
				TEST_HOST = "$(BUILT_PRODUCTS_DIR)/IOS-Example.app/IOS-Example";
			};
			name = Debug;
		};
		23F6082F200DEB9800B38ECB /* Release */ = {
			isa = XCBuildConfiguration;
			buildSettings = {
				BUNDLE_LOADER = "$(TEST_HOST)";
				INFOPLIST_FILE = "IOS-ExampleTests/Info.plist";
				LD_RUNPATH_SEARCH_PATHS = "$(inherited) @executable_path/Frameworks @loader_path/Frameworks";
				PRODUCT_BUNDLE_IDENTIFIER = "lpirm-bdmob.IOS-ExampleTests";
				PRODUCT_NAME = "$(TARGET_NAME)";
				TEST_HOST = "$(BUILT_PRODUCTS_DIR)/IOS-Example.app/IOS-Example";
			};
			name = Release;
		};
		23F60831200DEB9800B38ECB /* Debug */ = {
			isa = XCBuildConfiguration;
			buildSettings = {
				INFOPLIST_FILE = "IOS-ExampleUITests/Info.plist";
				LD_RUNPATH_SEARCH_PATHS = "$(inherited) @executable_path/Frameworks @loader_path/Frameworks";
				PRODUCT_BUNDLE_IDENTIFIER = "lpirm-bdmob.IOS-ExampleUITests";
				PRODUCT_NAME = "$(TARGET_NAME)";
				TEST_TARGET_NAME = "IOS-Example";
			};
			name = Debug;
		};
		23F60832200DEB9800B38ECB /* Release */ = {
			isa = XCBuildConfiguration;
			buildSettings = {
				INFOPLIST_FILE = "IOS-ExampleUITests/Info.plist";
				LD_RUNPATH_SEARCH_PATHS = "$(inherited) @executable_path/Frameworks @loader_path/Frameworks";
				PRODUCT_BUNDLE_IDENTIFIER = "lpirm-bdmob.IOS-ExampleUITests";
				PRODUCT_NAME = "$(TARGET_NAME)";
				TEST_TARGET_NAME = "IOS-Example";
			};
			name = Release;
		};
/* End XCBuildConfiguration section */

/* Begin XCConfigurationList section */
		23F607F8200DEB9800B38ECB /* Build configuration list for PBXProject "IOS-Example" */ = {
			isa = XCConfigurationList;
			buildConfigurations = (
				23F60828200DEB9800B38ECB /* Debug */,
				23F60829200DEB9800B38ECB /* Release */,
			);
			defaultConfigurationIsVisible = 0;
			defaultConfigurationName = Release;
		};
		23F6082A200DEB9800B38ECB /* Build configuration list for PBXNativeTarget "IOS-Example" */ = {
			isa = XCConfigurationList;
			buildConfigurations = (
				23F6082B200DEB9800B38ECB /* Debug */,
				23F6082C200DEB9800B38ECB /* Release */,
			);
			defaultConfigurationIsVisible = 0;
		};
		23F6082D200DEB9800B38ECB /* Build configuration list for PBXNativeTarget "IOS-ExampleTests" */ = {
			isa = XCConfigurationList;
			buildConfigurations = (
				23F6082E200DEB9800B38ECB /* Debug */,
				23F6082F200DEB9800B38ECB /* Release */,
			);
			defaultConfigurationIsVisible = 0;
		};
		23F60830200DEB9800B38ECB /* Build configuration list for PBXNativeTarget "IOS-ExampleUITests" */ = {
			isa = XCConfigurationList;
			buildConfigurations = (
				23F60831200DEB9800B38ECB /* Debug */,
				23F60832200DEB9800B38ECB /* Release */,
			);
			defaultConfigurationIsVisible = 0;
		};
/* End XCConfigurationList section */
	};
	rootObject = 23F607F5200DEB9800B38ECB /* Project object */;
}
